
Microsoft Visual Studio Solution File, Format Version 12.00
# Visual Studio 14
VisualStudioVersion = 14.0.25420.1
MinimumVisualStudioVersion = 10.0.40219.1
Project("{FAE04EC0-301F-11D3-BF4B-00C04F79EFBC}") = "Catalog.Core", "Catalog.Core\Catalog.Core.csproj", "{B7AFB513-7B5E-44B8-A16C-E9AF49463DA8}"
EndProject
Project("{FAE04EC0-301F-11D3-BF4B-00C04F79EFBC}") = "Catalog.UI", "Catalog.UI\Catalog.UI.csproj", "{6350C51E-3D8F-4BBC-8156-9C6280342A02}"
EndProject
Global
	GlobalSection(SolutionConfigurationPlatforms) = preSolution
		Debug|Any CPU = Debug|Any CPU
		Release|Any CPU = Release|Any CPU
	EndGlobalSection
	GlobalSection(ProjectConfigurationPlatforms) = postSolution
		{B7AFB513-7B5E-44B8-A16C-E9AF49463DA8}.Debug|Any CPU.ActiveCfg = Debug|Any CPU
		{B7AFB513-7B5E-44B8-A16C-E9AF49463DA8}.Debug|Any CPU.Build.0 = Debug|Any CPU
		{B7AFB513-7B5E-44B8-A16C-E9AF49463DA8}.Release|Any CPU.ActiveCfg = Release|Any CPU
		{B7AFB513-7B5E-44B8-A16C-E9AF49463DA8}.Release|Any CPU.Build.0 = Release|Any CPU
		{6350C51E-3D8F-4BBC-8156-9C6280342A02}.Debug|Any CPU.ActiveCfg = Debug|Any CPU
		{6350C51E-3D8F-4BBC-8156-9C6280342A02}.Debug|Any CPU.Build.0 = Debug|Any CPU
		{6350C51E-3D8F-4BBC-8156-9C6280342A02}.Release|Any CPU.ActiveCfg = Release|Any CPU
		{6350C51E-3D8F-4BBC-8156-9C6280342A02}.Release|Any CPU.Build.0 = Release|Any CPU
	EndGlobalSection
	GlobalSection(SolutionProperties) = preSolution
		HideSolutionNode = FALSE
	EndGlobalSection
EndGlobal
